
Microsoft Visual Studio Solution File, Format Version 12.00
# Visual Studio 14
VisualStudioVersion = 14.0.25420.1
MinimumVisualStudioVersion = 10.0.40219.1
Project("{FAE04EC0-301F-11D3-BF4B-00C04F79EFBC}") = "sjbWebApi", "EverGreenWebApi\sjbWebApi.csproj", "{AFAC538F-9AD3-4DDD-BD8F-F73C72A9776C}"
EndProject
Project("{FAE04EC0-301F-11D3-BF4B-00C04F79EFBC}") = "InstamojoAPI", "InstamojoAPI\InstamojoAPI.csproj", "{F7A6F676-8B3B-4AE3-A3A5-B73299BDFB3E}"
EndProject
Global
	GlobalSection(SolutionConfigurationPlatforms) = preSolution
		Debug|Any CPU = Debug|Any CPU
		Release|Any CPU = Release|Any CPU
	EndGlobalSection
	GlobalSection(ProjectConfigurationPlatforms) = postSolution
		{AFAC538F-9AD3-4DDD-BD8F-F73C72A9776C}.Debug|Any CPU.ActiveCfg = Debug|Any CPU
		{AFAC538F-9AD3-4DDD-BD8F-F73C72A9776C}.Debug|Any CPU.Build.0 = Debug|Any CPU
		{AFAC538F-9AD3-4DDD-BD8F-F73C72A9776C}.Release|Any CPU.ActiveCfg = Release|Any CPU
		{AFAC538F-9AD3-4DDD-BD8F-F73C72A9776C}.Release|Any CPU.Build.0 = Release|Any CPU
		{F7A6F676-8B3B-4AE3-A3A5-B73299BDFB3E}.Debug|Any CPU.ActiveCfg = Debug|Any CPU
		{F7A6F676-8B3B-4AE3-A3A5-B73299BDFB3E}.Debug|Any CPU.Build.0 = Debug|Any CPU
		{F7A6F676-8B3B-4AE3-A3A5-B73299BDFB3E}.Release|Any CPU.ActiveCfg = Release|Any CPU
		{F7A6F676-8B3B-4AE3-A3A5-B73299BDFB3E}.Release|Any CPU.Build.0 = Release|Any CPU
	EndGlobalSection
	GlobalSection(SolutionProperties) = preSolution
		HideSolutionNode = FALSE
	EndGlobalSection
EndGlobal
